
Microsoft Visual Studio Solution File, Format Version 12.00
# Visual Studio 15
VisualStudioVersion = 15.0.28010.2041
MinimumVisualStudioVersion = 10.0.40219.1
Project("{8BC9CEB8-8B4A-11D0-8D11-00A0C91BC942}") = "Laboratorium 2", "Laboratorium 2\Laboratorium 2.vcxproj", "{A50D4DFA-8470-401D-BBA7-2ABBE70F32C6}"
EndProject
Project("{8BC9CEB8-8B4A-11D0-8D11-00A0C91BC942}") = "ParsingStack", "ParsingStack\ParsingStack.vcxproj", "{AE364586-4B07-44C4-9B2B-A8159817284D}"
EndProject
Global
	GlobalSection(SolutionConfigurationPlatforms) = preSolution
		Debug|x64 = Debug|x64
		Debug|x86 = Debug|x86
		Release|x64 = Release|x64
		Release|x86 = Release|x86
	EndGlobalSection
	GlobalSection(ProjectConfigurationPlatforms) = postSolution
		{A50D4DFA-8470-401D-BBA7-2ABBE70F32C6}.Debug|x64.ActiveCfg = Debug|x64
		{A50D4DFA-8470-401D-BBA7-2ABBE70F32C6}.Debug|x64.Build.0 = Debug|x64
		{A50D4DFA-8470-401D-BBA7-2ABBE70F32C6}.Debug|x86.ActiveCfg = Debug|Win32
		{A50D4DFA-8470-401D-BBA7-2ABBE70F32C6}.Debug|x86.Build.0 = Debug|Win32
		{A50D4DFA-8470-401D-BBA7-2ABBE70F32C6}.Release|x64.ActiveCfg = Release|x64
		{A50D4DFA-8470-401D-BBA7-2ABBE70F32C6}.Release|x64.Build.0 = Release|x64
		{A50D4DFA-8470-401D-BBA7-2ABBE70F32C6}.Release|x86.ActiveCfg = Release|Win32
		{A50D4DFA-8470-401D-BBA7-2ABBE70F32C6}.Release|x86.Build.0 = Release|Win32
		{AE364586-4B07-44C4-9B2B-A8159817284D}.Debug|x64.ActiveCfg = Debug|x64
		{AE364586-4B07-44C4-9B2B-A8159817284D}.Debug|x64.Build.0 = Debug|x64
		{AE364586-4B07-44C4-9B2B-A8159817284D}.Debug|x86.ActiveCfg = Debug|Win32
		{AE364586-4B07-44C4-9B2B-A8159817284D}.Debug|x86.Build.0 = Debug|Win32
		{AE364586-4B07-44C4-9B2B-A8159817284D}.Release|x64.ActiveCfg = Release|x64
		{AE364586-4B07-44C4-9B2B-A8159817284D}.Release|x64.Build.0 = Release|x64
		{AE364586-4B07-44C4-9B2B-A8159817284D}.Release|x86.ActiveCfg = Release|Win32
		{AE364586-4B07-44C4-9B2B-A8159817284D}.Release|x86.Build.0 = Release|Win32
	EndGlobalSection
	GlobalSection(SolutionProperties) = preSolution
		HideSolutionNode = FALSE
	EndGlobalSection
	GlobalSection(ExtensibilityGlobals) = postSolution
		SolutionGuid = {AAAE57EC-40E4-4243-9638-0A9D2A4BD85B}
	EndGlobalSection
EndGlobal
